
Microsoft Visual Studio Solution File, Format Version 12.00
# Visual Studio Version 16
VisualStudioVersion = 25.0.1700.6
MinimumVisualStudioVersion = 10.0.40219.1
Project("{FAE04EC0-301F-11D3-BF4B-00C04F79EFBC}") = "1-PrimeiroProjeto", "1-PrimeiroProjeto.csproj", "{C41E5721-928E-4604-833C-57D4594CE0F0}"
EndProject
Global
	GlobalSection(SolutionConfigurationPlatforms) = preSolution
		Debug|Any CPU = Debug|Any CPU
		Release|Any CPU = Release|Any CPU
	EndGlobalSection
	GlobalSection(ProjectConfigurationPlatforms) = postSolution
		{C41E5721-928E-4604-833C-57D4594CE0F0}.Debug|Any CPU.ActiveCfg = Debug|Any CPU
		{C41E5721-928E-4604-833C-57D4594CE0F0}.Debug|Any CPU.Build.0 = Debug|Any CPU
		{C41E5721-928E-4604-833C-57D4594CE0F0}.Release|Any CPU.ActiveCfg = Release|Any CPU
		{C41E5721-928E-4604-833C-57D4594CE0F0}.Release|Any CPU.Build.0 = Release|Any CPU
	EndGlobalSection
	GlobalSection(SolutionProperties) = preSolution
		HideSolutionNode = FALSE
	EndGlobalSection
	GlobalSection(ExtensibilityGlobals) = postSolution
		SolutionGuid = {4C8EA728-44B2-495F-88DA-3A259FF8EF43}
	EndGlobalSection
EndGlobal
