
Microsoft Visual Studio Solution File, Format Version 12.00
# Visual Studio Version 16
VisualStudioVersion = 25.0.1700.6
MinimumVisualStudioVersion = 10.0.40219.1
Project("{FAE04EC0-301F-11D3-BF4B-00C04F79EFBC}") = "2-CriandoVariaveis", "2-CriandoVariaveis\2-CriandoVariaveis.csproj", "{A33A6630-201F-4F96-8C1B-4E45F76C009B}"
EndProject
Project("{FAE04EC0-301F-11D3-BF4B-00C04F79EFBC}") = "1-PrimeiroProjeto", "1-PrimeiroProjeto\1-PrimeiroProjeto.csproj", "{80DF4E2E-04B5-4825-82F1-95DF1BD19667}"
EndProject
Project("{FAE04EC0-301F-11D3-BF4B-00C04F79EFBC}") = "3-CriandoVariaveisPontoFlutuante", "3-CriandoVariaveisPontoFlutuante\3-CriandoVariaveisPontoFlutuante.csproj", "{D3384474-5FE2-49E9-9FCF-BF06FAE81C21}"
EndProject
Project("{FAE04EC0-301F-11D3-BF4B-00C04F79EFBC}") = "4-ConversoesEOutrosTiposNumericos", "4-ConversoesEOutrosTiposNumericos\4-ConversoesEOutrosTiposNumericos.csproj", "{0F3480B7-870D-4BDF-8518-20B40712C81A}"
EndProject
Global
	GlobalSection(SolutionConfigurationPlatforms) = preSolution
		Debug|Any CPU = Debug|Any CPU
		Release|Any CPU = Release|Any CPU
	EndGlobalSection
	GlobalSection(ProjectConfigurationPlatforms) = postSolution
		{A33A6630-201F-4F96-8C1B-4E45F76C009B}.Debug|Any CPU.ActiveCfg = Debug|Any CPU
		{A33A6630-201F-4F96-8C1B-4E45F76C009B}.Debug|Any CPU.Build.0 = Debug|Any CPU
		{A33A6630-201F-4F96-8C1B-4E45F76C009B}.Release|Any CPU.ActiveCfg = Release|Any CPU
		{A33A6630-201F-4F96-8C1B-4E45F76C009B}.Release|Any CPU.Build.0 = Release|Any CPU
		{80DF4E2E-04B5-4825-82F1-95DF1BD19667}.Debug|Any CPU.ActiveCfg = Debug|Any CPU
		{80DF4E2E-04B5-4825-82F1-95DF1BD19667}.Debug|Any CPU.Build.0 = Debug|Any CPU
		{80DF4E2E-04B5-4825-82F1-95DF1BD19667}.Release|Any CPU.ActiveCfg = Release|Any CPU
		{80DF4E2E-04B5-4825-82F1-95DF1BD19667}.Release|Any CPU.Build.0 = Release|Any CPU
		{D3384474-5FE2-49E9-9FCF-BF06FAE81C21}.Debug|Any CPU.ActiveCfg = Debug|Any CPU
		{D3384474-5FE2-49E9-9FCF-BF06FAE81C21}.Debug|Any CPU.Build.0 = Debug|Any CPU
		{D3384474-5FE2-49E9-9FCF-BF06FAE81C21}.Release|Any CPU.ActiveCfg = Release|Any CPU
		{D3384474-5FE2-49E9-9FCF-BF06FAE81C21}.Release|Any CPU.Build.0 = Release|Any CPU
		{0F3480B7-870D-4BDF-8518-20B40712C81A}.Debug|Any CPU.ActiveCfg = Debug|Any CPU
		{0F3480B7-870D-4BDF-8518-20B40712C81A}.Debug|Any CPU.Build.0 = Debug|Any CPU
		{0F3480B7-870D-4BDF-8518-20B40712C81A}.Release|Any CPU.ActiveCfg = Release|Any CPU
		{0F3480B7-870D-4BDF-8518-20B40712C81A}.Release|Any CPU.Build.0 = Release|Any CPU
	EndGlobalSection
	GlobalSection(SolutionProperties) = preSolution
		HideSolutionNode = FALSE
	EndGlobalSection
	GlobalSection(ExtensibilityGlobals) = postSolution
		SolutionGuid = {0FFEE1B3-2C9C-4A67-83EA-6261611E50E7}
	EndGlobalSection
EndGlobal
